
Microsoft Visual Studio Solution File, Format Version 12.00
# Visual Studio Version 16
VisualStudioVersion = 16.0.29709.97
MinimumVisualStudioVersion = 10.0.40219.1
Project("{9A19103F-16F7-4668-BE54-9A1E7A4F7556}") = "Snake", "Snake.csproj", "{D5601EBD-BDA7-4448-BA7C-BBF86C51F766}"
EndProject
Global
	GlobalSection(SolutionConfigurationPlatforms) = preSolution
		Debug|Any CPU = Debug|Any CPU
		Release|Any CPU = Release|Any CPU
	EndGlobalSection
	GlobalSection(ProjectConfigurationPlatforms) = postSolution
		{D5601EBD-BDA7-4448-BA7C-BBF86C51F766}.Debug|Any CPU.ActiveCfg = Debug|Any CPU
		{D5601EBD-BDA7-4448-BA7C-BBF86C51F766}.Debug|Any CPU.Build.0 = Debug|Any CPU
		{D5601EBD-BDA7-4448-BA7C-BBF86C51F766}.Release|Any CPU.ActiveCfg = Release|Any CPU
		{D5601EBD-BDA7-4448-BA7C-BBF86C51F766}.Release|Any CPU.Build.0 = Release|Any CPU
	EndGlobalSection
	GlobalSection(SolutionProperties) = preSolution
		HideSolutionNode = FALSE
	EndGlobalSection
	GlobalSection(ExtensibilityGlobals) = postSolution
		SolutionGuid = {4F4C6EE4-EF11-489E-A5FB-4C500E8A08DB}
	EndGlobalSection
EndGlobal
